
Microsoft Visual Studio Solution File, Format Version 12.00
Project("{FAE04EC0-301F-11D3-BF4B-00C04F79EFBC}") = "Simple_Converter", "Simple_Converter\Simple_Converter.csproj", "{48E62FD8-1313-4E00-94D6-4731ACD7134E}"
EndProject
Global
	GlobalSection(SolutionConfigurationPlatforms) = preSolution
		Debug|Any CPU = Debug|Any CPU
		Release|Any CPU = Release|Any CPU
	EndGlobalSection
	GlobalSection(ProjectConfigurationPlatforms) = postSolution
		{48E62FD8-1313-4E00-94D6-4731ACD7134E}.Debug|Any CPU.ActiveCfg = Debug|Any CPU
		{48E62FD8-1313-4E00-94D6-4731ACD7134E}.Debug|Any CPU.Build.0 = Debug|Any CPU
		{48E62FD8-1313-4E00-94D6-4731ACD7134E}.Release|Any CPU.ActiveCfg = Release|Any CPU
		{48E62FD8-1313-4E00-94D6-4731ACD7134E}.Release|Any CPU.Build.0 = Release|Any CPU
	EndGlobalSection
EndGlobal
